
Microsoft Visual Studio Solution File, Format Version 12.00
# Visual Studio Version 17
VisualStudioVersion = 17.11.35222.181
MinimumVisualStudioVersion = 10.0.40219.1
Project("{2150E333-8FDC-42A3-9474-1A3956D46DE8}") = "Task0", "Task0", "{69B44D89-91AB-4ABA-BFD6-E17784905F05}"
EndProject
Project("{9A19103F-16F7-4668-BE54-9A1E7A4F7556}") = "Tyuiu.RaushKN.Sprint1.Task0.V2", "Tyuiu.RaushKN.Sprint1.Task0.V2\Tyuiu.RaushKN.Sprint1.Task0.V2.csproj", "{26C687BF-2B1B-4837-AC78-9A431B27D615}"
EndProject
Project("{9A19103F-16F7-4668-BE54-9A1E7A4F7556}") = "Tyuiu.RaushKN.Sprint1.Task0.V2.Lib", "Tyuiu.RaushKN.Sprint1.Task0.V2.Lib\Tyuiu.RaushKN.Sprint1.Task0.V2.Lib.csproj", "{8D46AEB9-1A29-4761-8638-7281E8B86EAE}"
EndProject
Project("{9A19103F-16F7-4668-BE54-9A1E7A4F7556}") = "Tyuiu.RaushKN.Sprint1.Task0.V2.Test", "Tyuiu.RaushKN.Sprint1.Task0.V2.Test\Tyuiu.RaushKN.Sprint1.Task0.V2.Test.csproj", "{8323D5D8-2320-43E9-B72D-9DAE89F847E3}"
EndProject
Project("{2150E333-8FDC-42A3-9474-1A3956D46DE8}") = "Task1", "Task1", "{89B69485-5441-4F62-B362-7566DCBA1A8D}"
EndProject
Project("{9A19103F-16F7-4668-BE54-9A1E7A4F7556}") = "Tyuiu.RaushKN.Sprint1.Task1.V1.Test", "Tyuiu.RaushKN.Sprint1.Task1.V1.Test\Tyuiu.RaushKN.Sprint1.Task1.V1.Test.csproj", "{67E729CC-B0D1-4A61-820C-824FB4932C82}"
EndProject
Project("{9A19103F-16F7-4668-BE54-9A1E7A4F7556}") = "Tyuiu.RaushKN.Sprint1.Task1.V1.Lib", "Tyuiu.RaushKN.Sprint1.Task1.V1.Lib\Tyuiu.RaushKN.Sprint1.Task1.V1.Lib.csproj", "{B1CA8265-351E-4AE8-8E97-000D31248E25}"
EndProject
Project("{9A19103F-16F7-4668-BE54-9A1E7A4F7556}") = "Tyuiu.RaushKN.Sprint1.Task1.V1", "Tyuiu.RaushKN.Sprint1.Task1.V1\Tyuiu.RaushKN.Sprint1.Task1.V1.csproj", "{F1CB5B91-C0C0-46BB-B5EE-D1C444742074}"
EndProject
Project("{2150E333-8FDC-42A3-9474-1A3956D46DE8}") = "Task2", "Task2", "{393D1E67-DBEF-415A-8D9D-AA7F90C31A99}"
EndProject
Project("{9A19103F-16F7-4668-BE54-9A1E7A4F7556}") = "Tyuiu.RaushKN.Sprint1.Task2.V2", "Tyuiu.RaushKN.Sprint1.Task2.V2\Tyuiu.RaushKN.Sprint1.Task2.V2.csproj", "{7CFD0B21-7C60-4B8E-8DC7-64079E45630F}"
EndProject
Project("{9A19103F-16F7-4668-BE54-9A1E7A4F7556}") = "Tyuiu.RaushKN.Sprint1.Task2.V2.Lib", "Tyuiu.RaushKN.Sprint1.Task2.V2.Lib\Tyuiu.RaushKN.Sprint1.Task2.V2.Lib.csproj", "{7D374368-378C-4F32-A441-AFFFCEA2AA6C}"
EndProject
Project("{9A19103F-16F7-4668-BE54-9A1E7A4F7556}") = "Tyuiu.RaushKN.Sprint1.Task2.V2.Test", "Tyuiu.RaushKN.Sprint1.Task2.V2.Test\Tyuiu.RaushKN.Sprint1.Task2.V2.Test.csproj", "{316E3414-D397-4D84-A74C-D75D8E90552E}"
EndProject
Project("{2150E333-8FDC-42A3-9474-1A3956D46DE8}") = "Task3", "Task3", "{3D989DA1-54BA-476D-A619-6BE12813DFC1}"
EndProject
Project("{2150E333-8FDC-42A3-9474-1A3956D46DE8}") = "Task4", "Task4", "{9A0D9752-57F0-49DB-9488-37F174520670}"
EndProject
Project("{2150E333-8FDC-42A3-9474-1A3956D46DE8}") = "Task5", "Task5", "{B04BD951-51C8-4C79-ACA6-538AF64FFCEA}"
EndProject
Project("{9A19103F-16F7-4668-BE54-9A1E7A4F7556}") = "Tyuiu.RaushKN.Sprint1.Task3.V9", "Tyuiu.RaushKN.Sprint1.Task3.V9\Tyuiu.RaushKN.Sprint1.Task3.V9.csproj", "{3E120A7A-0078-4996-820A-C5BBE88E70D4}"
EndProject
Project("{9A19103F-16F7-4668-BE54-9A1E7A4F7556}") = "Tyuiu.RaushKN.Sprint1.Task3.V9.Lib", "Tyuiu.RaushKN.Sprint1.Task3.V9.Lib\Tyuiu.RaushKN.Sprint1.Task3.V9.Lib.csproj", "{352C5F16-5448-4958-A749-AF6ED9D773F5}"
EndProject
Project("{9A19103F-16F7-4668-BE54-9A1E7A4F7556}") = "Tyuiu.RaushKN.Sprint1.Task3.V9.Test", "Tyuiu.RaushKN.Sprint1.Task3.V9.Test\Tyuiu.RaushKN.Sprint1.Task3.V9.Test.csproj", "{74CE1900-B325-4AEB-B104-5B821415E224}"
EndProject
Project("{9A19103F-16F7-4668-BE54-9A1E7A4F7556}") = "Tyuiu.RaushKN.Sprint1.Task4.V3", "Tyuiu.RaushKN.Sprint1.Task4.V3\Tyuiu.RaushKN.Sprint1.Task4.V3.csproj", "{E7C2280D-20B6-4A71-A4F1-C7D7FC0AA2F7}"
EndProject
Project("{9A19103F-16F7-4668-BE54-9A1E7A4F7556}") = "Tyuiu.RaushKN.Sprint1.Task4.V3.Lib", "Tyuiu.RaushKN.Sprint1.Task4.V3.Lib\Tyuiu.RaushKN.Sprint1.Task4.V3.Lib.csproj", "{6686833F-EFC5-4F96-8523-C68A96B6AFEE}"
EndProject
Project("{9A19103F-16F7-4668-BE54-9A1E7A4F7556}") = "Tyuiu.RaushKN.Sprint1.Task4.V3.Test", "Tyuiu.RaushKN.Sprint1.Task4.V3.Test\Tyuiu.RaushKN.Sprint1.Task4.V3.Test.csproj", "{11A3EFC2-C05C-4D7F-A0E6-9A14FF599985}"
EndProject
Project("{9A19103F-16F7-4668-BE54-9A1E7A4F7556}") = "Tyuiu.RaushKN.Sprint1.Task5.V6", "Tyuiu.RaushKN.Sprint1.Task5.V6\Tyuiu.RaushKN.Sprint1.Task5.V6.csproj", "{B479C5B4-463C-4469-A764-DDA07122684E}"
EndProject
Project("{9A19103F-16F7-4668-BE54-9A1E7A4F7556}") = "Tyuiu.RaushKN.Sprint1.Task5.V6.Test", "Tyuiu.RaushKN.Sprint1.Task5.V6.Test\Tyuiu.RaushKN.Sprint1.Task5.V6.Test.csproj", "{DCCA5F2E-7F18-4EDB-ABA2-36E0A340A78E}"
EndProject
Project("{9A19103F-16F7-4668-BE54-9A1E7A4F7556}") = "Tyuiu.RaushKN.Sprint1.Task5.V6.Lib", "Tyuiu.RaushKN.Sprint1.Task5.V6.Lib\Tyuiu.RaushKN.Sprint1.Task5.V6.Lib.csproj", "{16E2828A-3009-49CE-BCEA-FDCA16719F45}"
EndProject
Project("{2150E333-8FDC-42A3-9474-1A3956D46DE8}") = "Task6", "Task6", "{08D63DC1-A455-4D24-BE78-D89BFB36C34F}"
EndProject
Project("{9A19103F-16F7-4668-BE54-9A1E7A4F7556}") = "Tyuiu.RaushKN.Sprint1.Task6.V18", "Tyuiu.RaushKN.Sprint1.Task6.V18\Tyuiu.RaushKN.Sprint1.Task6.V18.csproj", "{5820338A-CDD8-408F-8CD9-0FC945446700}"
EndProject
Project("{9A19103F-16F7-4668-BE54-9A1E7A4F7556}") = "Tyuiu.RaushKN.Sprint1.Task6.V18.Lib", "Tyuiu.RaushKN.Sprint1.Task6.V18.Lib\Tyuiu.RaushKN.Sprint1.Task6.V18.Lib.csproj", "{6074443D-4962-478A-96D9-227DAB823301}"
EndProject
Project("{9A19103F-16F7-4668-BE54-9A1E7A4F7556}") = "Tyuiu.RaushKN.Sprint1.Task6.V18.Test", "Tyuiu.RaushKN.Sprint1.Task6.V18.Test\Tyuiu.RaushKN.Sprint1.Task6.V18.Test.csproj", "{40EF5265-91B7-4D5D-BCC7-9B59E4C55CDB}"
EndProject
Project("{2150E333-8FDC-42A3-9474-1A3956D46DE8}") = "Task7", "Task7", "{AD3083BE-30D0-439D-B1A6-C6A90765CA74}"
EndProject
Project("{9A19103F-16F7-4668-BE54-9A1E7A4F7556}") = "Tyuiu.RaushKN.Sprint1.Task7.V20", "Tyuiu.RaushKN.Sprint1.Task7.V20\Tyuiu.RaushKN.Sprint1.Task7.V20.csproj", "{FAE6240D-1802-4977-A57C-0135C3158675}"
EndProject
Project("{9A19103F-16F7-4668-BE54-9A1E7A4F7556}") = "Tyuiu.RaushKN.Sprint1.Task7.V20.Lib", "Tyuiu.RaushKN.Sprint1.Task7.V20.Lib\Tyuiu.RaushKN.Sprint1.Task7.V20.Lib.csproj", "{6AFE5D34-092E-4F5D-8C7B-96731791419B}"
EndProject
Project("{9A19103F-16F7-4668-BE54-9A1E7A4F7556}") = "Tyuiu.RaushKN.Sprint1.Task7.V20.Test", "Tyuiu.RaushKN.Sprint1.Task7.V20.Test\Tyuiu.RaushKN.Sprint1.Task7.V20.Test.csproj", "{46FE9B99-8F20-4A93-8C2B-6F87F2210068}"
EndProject
Global
	GlobalSection(SolutionConfigurationPlatforms) = preSolution
		Debug|Any CPU = Debug|Any CPU
		Release|Any CPU = Release|Any CPU
	EndGlobalSection
	GlobalSection(ProjectConfigurationPlatforms) = postSolution
		{26C687BF-2B1B-4837-AC78-9A431B27D615}.Debug|Any CPU.ActiveCfg = Debug|Any CPU
		{26C687BF-2B1B-4837-AC78-9A431B27D615}.Debug|Any CPU.Build.0 = Debug|Any CPU
		{26C687BF-2B1B-4837-AC78-9A431B27D615}.Release|Any CPU.ActiveCfg = Release|Any CPU
		{26C687BF-2B1B-4837-AC78-9A431B27D615}.Release|Any CPU.Build.0 = Release|Any CPU
		{8D46AEB9-1A29-4761-8638-7281E8B86EAE}.Debug|Any CPU.ActiveCfg = Debug|Any CPU
		{8D46AEB9-1A29-4761-8638-7281E8B86EAE}.Debug|Any CPU.Build.0 = Debug|Any CPU
		{8D46AEB9-1A29-4761-8638-7281E8B86EAE}.Release|Any CPU.ActiveCfg = Release|Any CPU
		{8D46AEB9-1A29-4761-8638-7281E8B86EAE}.Release|Any CPU.Build.0 = Release|Any CPU
		{8323D5D8-2320-43E9-B72D-9DAE89F847E3}.Debug|Any CPU.ActiveCfg = Debug|Any CPU
		{8323D5D8-2320-43E9-B72D-9DAE89F847E3}.Debug|Any CPU.Build.0 = Debug|Any CPU
		{8323D5D8-2320-43E9-B72D-9DAE89F847E3}.Release|Any CPU.ActiveCfg = Release|Any CPU
		{8323D5D8-2320-43E9-B72D-9DAE89F847E3}.Release|Any CPU.Build.0 = Release|Any CPU
		{67E729CC-B0D1-4A61-820C-824FB4932C82}.Debug|Any CPU.ActiveCfg = Debug|Any CPU
		{67E729CC-B0D1-4A61-820C-824FB4932C82}.Debug|Any CPU.Build.0 = Debug|Any CPU
		{67E729CC-B0D1-4A61-820C-824FB4932C82}.Release|Any CPU.ActiveCfg = Release|Any CPU
		{67E729CC-B0D1-4A61-820C-824FB4932C82}.Release|Any CPU.Build.0 = Release|Any CPU
		{B1CA8265-351E-4AE8-8E97-000D31248E25}.Debug|Any CPU.ActiveCfg = Debug|Any CPU
		{B1CA8265-351E-4AE8-8E97-000D31248E25}.Debug|Any CPU.Build.0 = Debug|Any CPU
		{B1CA8265-351E-4AE8-8E97-000D31248E25}.Release|Any CPU.ActiveCfg = Release|Any CPU
		{B1CA8265-351E-4AE8-8E97-000D31248E25}.Release|Any CPU.Build.0 = Release|Any CPU
		{F1CB5B91-C0C0-46BB-B5EE-D1C444742074}.Debug|Any CPU.ActiveCfg = Debug|Any CPU
		{F1CB5B91-C0C0-46BB-B5EE-D1C444742074}.Debug|Any CPU.Build.0 = Debug|Any CPU
		{F1CB5B91-C0C0-46BB-B5EE-D1C444742074}.Release|Any CPU.ActiveCfg = Release|Any CPU
		{F1CB5B91-C0C0-46BB-B5EE-D1C444742074}.Release|Any CPU.Build.0 = Release|Any CPU
		{7CFD0B21-7C60-4B8E-8DC7-64079E45630F}.Debug|Any CPU.ActiveCfg = Debug|Any CPU
		{7CFD0B21-7C60-4B8E-8DC7-64079E45630F}.Debug|Any CPU.Build.0 = Debug|Any CPU
		{7CFD0B21-7C60-4B8E-8DC7-64079E45630F}.Release|Any CPU.ActiveCfg = Release|Any CPU
		{7CFD0B21-7C60-4B8E-8DC7-64079E45630F}.Release|Any CPU.Build.0 = Release|Any CPU
		{7D374368-378C-4F32-A441-AFFFCEA2AA6C}.Debug|Any CPU.ActiveCfg = Debug|Any CPU
		{7D374368-378C-4F32-A441-AFFFCEA2AA6C}.Debug|Any CPU.Build.0 = Debug|Any CPU
		{7D374368-378C-4F32-A441-AFFFCEA2AA6C}.Release|Any CPU.ActiveCfg = Release|Any CPU
		{7D374368-378C-4F32-A441-AFFFCEA2AA6C}.Release|Any CPU.Build.0 = Release|Any CPU
		{316E3414-D397-4D84-A74C-D75D8E90552E}.Debug|Any CPU.ActiveCfg = Debug|Any CPU
		{316E3414-D397-4D84-A74C-D75D8E90552E}.Debug|Any CPU.Build.0 = Debug|Any CPU
		{316E3414-D397-4D84-A74C-D75D8E90552E}.Release|Any CPU.ActiveCfg = Release|Any CPU
		{316E3414-D397-4D84-A74C-D75D8E90552E}.Release|Any CPU.Build.0 = Release|Any CPU
		{3E120A7A-0078-4996-820A-C5BBE88E70D4}.Debug|Any CPU.ActiveCfg = Debug|Any CPU
		{3E120A7A-0078-4996-820A-C5BBE88E70D4}.Debug|Any CPU.Build.0 = Debug|Any CPU
		{3E120A7A-0078-4996-820A-C5BBE88E70D4}.Release|Any CPU.ActiveCfg = Release|Any CPU
		{3E120A7A-0078-4996-820A-C5BBE88E70D4}.Release|Any CPU.Build.0 = Release|Any CPU
		{352C5F16-5448-4958-A749-AF6ED9D773F5}.Debug|Any CPU.ActiveCfg = Debug|Any CPU
		{352C5F16-5448-4958-A749-AF6ED9D773F5}.Debug|Any CPU.Build.0 = Debug|Any CPU
		{352C5F16-5448-4958-A749-AF6ED9D773F5}.Release|Any CPU.ActiveCfg = Release|Any CPU
		{352C5F16-5448-4958-A749-AF6ED9D773F5}.Release|Any CPU.Build.0 = Release|Any CPU
		{74CE1900-B325-4AEB-B104-5B821415E224}.Debug|Any CPU.ActiveCfg = Debug|Any CPU
		{74CE1900-B325-4AEB-B104-5B821415E224}.Debug|Any CPU.Build.0 = Debug|Any CPU
		{74CE1900-B325-4AEB-B104-5B821415E224}.Release|Any CPU.ActiveCfg = Release|Any CPU
		{74CE1900-B325-4AEB-B104-5B821415E224}.Release|Any CPU.Build.0 = Release|Any CPU
		{E7C2280D-20B6-4A71-A4F1-C7D7FC0AA2F7}.Debug|Any CPU.ActiveCfg = Debug|Any CPU
		{E7C2280D-20B6-4A71-A4F1-C7D7FC0AA2F7}.Debug|Any CPU.Build.0 = Debug|Any CPU
		{E7C2280D-20B6-4A71-A4F1-C7D7FC0AA2F7}.Release|Any CPU.ActiveCfg = Release|Any CPU
		{E7C2280D-20B6-4A71-A4F1-C7D7FC0AA2F7}.Release|Any CPU.Build.0 = Release|Any CPU
		{6686833F-EFC5-4F96-8523-C68A96B6AFEE}.Debug|Any CPU.ActiveCfg = Debug|Any CPU
		{6686833F-EFC5-4F96-8523-C68A96B6AFEE}.Debug|Any CPU.Build.0 = Debug|Any CPU
		{6686833F-EFC5-4F96-8523-C68A96B6AFEE}.Release|Any CPU.ActiveCfg = Release|Any CPU
		{6686833F-EFC5-4F96-8523-C68A96B6AFEE}.Release|Any CPU.Build.0 = Release|Any CPU
		{11A3EFC2-C05C-4D7F-A0E6-9A14FF599985}.Debug|Any CPU.ActiveCfg = Debug|Any CPU
		{11A3EFC2-C05C-4D7F-A0E6-9A14FF599985}.Debug|Any CPU.Build.0 = Debug|Any CPU
		{11A3EFC2-C05C-4D7F-A0E6-9A14FF599985}.Release|Any CPU.ActiveCfg = Release|Any CPU
		{11A3EFC2-C05C-4D7F-A0E6-9A14FF599985}.Release|Any CPU.Build.0 = Release|Any CPU
		{B479C5B4-463C-4469-A764-DDA07122684E}.Debug|Any CPU.ActiveCfg = Debug|Any CPU
		{B479C5B4-463C-4469-A764-DDA07122684E}.Debug|Any CPU.Build.0 = Debug|Any CPU
		{B479C5B4-463C-4469-A764-DDA07122684E}.Release|Any CPU.ActiveCfg = Release|Any CPU
		{B479C5B4-463C-4469-A764-DDA07122684E}.Release|Any CPU.Build.0 = Release|Any CPU
		{DCCA5F2E-7F18-4EDB-ABA2-36E0A340A78E}.Debug|Any CPU.ActiveCfg = Debug|Any CPU
		{DCCA5F2E-7F18-4EDB-ABA2-36E0A340A78E}.Debug|Any CPU.Build.0 = Debug|Any CPU
		{DCCA5F2E-7F18-4EDB-ABA2-36E0A340A78E}.Release|Any CPU.ActiveCfg = Release|Any CPU
		{DCCA5F2E-7F18-4EDB-ABA2-36E0A340A78E}.Release|Any CPU.Build.0 = Release|Any CPU
		{16E2828A-3009-49CE-BCEA-FDCA16719F45}.Debug|Any CPU.ActiveCfg = Debug|Any CPU
		{16E2828A-3009-49CE-BCEA-FDCA16719F45}.Debug|Any CPU.Build.0 = Debug|Any CPU
		{16E2828A-3009-49CE-BCEA-FDCA16719F45}.Release|Any CPU.ActiveCfg = Release|Any CPU
		{16E2828A-3009-49CE-BCEA-FDCA16719F45}.Release|Any CPU.Build.0 = Release|Any CPU
		{5820338A-CDD8-408F-8CD9-0FC945446700}.Debug|Any CPU.ActiveCfg = Debug|Any CPU
		{5820338A-CDD8-408F-8CD9-0FC945446700}.Debug|Any CPU.Build.0 = Debug|Any CPU
		{5820338A-CDD8-408F-8CD9-0FC945446700}.Release|Any CPU.ActiveCfg = Release|Any CPU
		{5820338A-CDD8-408F-8CD9-0FC945446700}.Release|Any CPU.Build.0 = Release|Any CPU
		{6074443D-4962-478A-96D9-227DAB823301}.Debug|Any CPU.ActiveCfg = Debug|Any CPU
		{6074443D-4962-478A-96D9-227DAB823301}.Debug|Any CPU.Build.0 = Debug|Any CPU
		{6074443D-4962-478A-96D9-227DAB823301}.Release|Any CPU.ActiveCfg = Release|Any CPU
		{6074443D-4962-478A-96D9-227DAB823301}.Release|Any CPU.Build.0 = Release|Any CPU
		{40EF5265-91B7-4D5D-BCC7-9B59E4C55CDB}.Debug|Any CPU.ActiveCfg = Debug|Any CPU
		{40EF5265-91B7-4D5D-BCC7-9B59E4C55CDB}.Debug|Any CPU.Build.0 = Debug|Any CPU
		{40EF5265-91B7-4D5D-BCC7-9B59E4C55CDB}.Release|Any CPU.ActiveCfg = Release|Any CPU
		{40EF5265-91B7-4D5D-BCC7-9B59E4C55CDB}.Release|Any CPU.Build.0 = Release|Any CPU
		{FAE6240D-1802-4977-A57C-0135C3158675}.Debug|Any CPU.ActiveCfg = Debug|Any CPU
		{FAE6240D-1802-4977-A57C-0135C3158675}.Debug|Any CPU.Build.0 = Debug|Any CPU
		{FAE6240D-1802-4977-A57C-0135C3158675}.Release|Any CPU.ActiveCfg = Release|Any CPU
		{FAE6240D-1802-4977-A57C-0135C3158675}.Release|Any CPU.Build.0 = Release|Any CPU
		{6AFE5D34-092E-4F5D-8C7B-96731791419B}.Debug|Any CPU.ActiveCfg = Debug|Any CPU
		{6AFE5D34-092E-4F5D-8C7B-96731791419B}.Debug|Any CPU.Build.0 = Debug|Any CPU
		{6AFE5D34-092E-4F5D-8C7B-96731791419B}.Release|Any CPU.ActiveCfg = Release|Any CPU
		{6AFE5D34-092E-4F5D-8C7B-96731791419B}.Release|Any CPU.Build.0 = Release|Any CPU
		{46FE9B99-8F20-4A93-8C2B-6F87F2210068}.Debug|Any CPU.ActiveCfg = Debug|Any CPU
		{46FE9B99-8F20-4A93-8C2B-6F87F2210068}.Debug|Any CPU.Build.0 = Debug|Any CPU
		{46FE9B99-8F20-4A93-8C2B-6F87F2210068}.Release|Any CPU.ActiveCfg = Release|Any CPU
		{46FE9B99-8F20-4A93-8C2B-6F87F2210068}.Release|Any CPU.Build.0 = Release|Any CPU
	EndGlobalSection
	GlobalSection(SolutionProperties) = preSolution
		HideSolutionNode = FALSE
	EndGlobalSection
	GlobalSection(NestedProjects) = preSolution
		{26C687BF-2B1B-4837-AC78-9A431B27D615} = {69B44D89-91AB-4ABA-BFD6-E17784905F05}
		{8D46AEB9-1A29-4761-8638-7281E8B86EAE} = {69B44D89-91AB-4ABA-BFD6-E17784905F05}
		{8323D5D8-2320-43E9-B72D-9DAE89F847E3} = {69B44D89-91AB-4ABA-BFD6-E17784905F05}
		{67E729CC-B0D1-4A61-820C-824FB4932C82} = {89B69485-5441-4F62-B362-7566DCBA1A8D}
		{B1CA8265-351E-4AE8-8E97-000D31248E25} = {89B69485-5441-4F62-B362-7566DCBA1A8D}
		{F1CB5B91-C0C0-46BB-B5EE-D1C444742074} = {89B69485-5441-4F62-B362-7566DCBA1A8D}
		{7CFD0B21-7C60-4B8E-8DC7-64079E45630F} = {393D1E67-DBEF-415A-8D9D-AA7F90C31A99}
		{7D374368-378C-4F32-A441-AFFFCEA2AA6C} = {393D1E67-DBEF-415A-8D9D-AA7F90C31A99}
		{316E3414-D397-4D84-A74C-D75D8E90552E} = {393D1E67-DBEF-415A-8D9D-AA7F90C31A99}
		{3E120A7A-0078-4996-820A-C5BBE88E70D4} = {3D989DA1-54BA-476D-A619-6BE12813DFC1}
		{352C5F16-5448-4958-A749-AF6ED9D773F5} = {3D989DA1-54BA-476D-A619-6BE12813DFC1}
		{74CE1900-B325-4AEB-B104-5B821415E224} = {3D989DA1-54BA-476D-A619-6BE12813DFC1}
		{E7C2280D-20B6-4A71-A4F1-C7D7FC0AA2F7} = {9A0D9752-57F0-49DB-9488-37F174520670}
		{6686833F-EFC5-4F96-8523-C68A96B6AFEE} = {9A0D9752-57F0-49DB-9488-37F174520670}
		{11A3EFC2-C05C-4D7F-A0E6-9A14FF599985} = {9A0D9752-57F0-49DB-9488-37F174520670}
		{B479C5B4-463C-4469-A764-DDA07122684E} = {B04BD951-51C8-4C79-ACA6-538AF64FFCEA}
		{DCCA5F2E-7F18-4EDB-ABA2-36E0A340A78E} = {B04BD951-51C8-4C79-ACA6-538AF64FFCEA}
		{16E2828A-3009-49CE-BCEA-FDCA16719F45} = {B04BD951-51C8-4C79-ACA6-538AF64FFCEA}
		{5820338A-CDD8-408F-8CD9-0FC945446700} = {08D63DC1-A455-4D24-BE78-D89BFB36C34F}
		{6074443D-4962-478A-96D9-227DAB823301} = {08D63DC1-A455-4D24-BE78-D89BFB36C34F}
		{40EF5265-91B7-4D5D-BCC7-9B59E4C55CDB} = {08D63DC1-A455-4D24-BE78-D89BFB36C34F}
		{FAE6240D-1802-4977-A57C-0135C3158675} = {AD3083BE-30D0-439D-B1A6-C6A90765CA74}
		{6AFE5D34-092E-4F5D-8C7B-96731791419B} = {AD3083BE-30D0-439D-B1A6-C6A90765CA74}
		{46FE9B99-8F20-4A93-8C2B-6F87F2210068} = {AD3083BE-30D0-439D-B1A6-C6A90765CA74}
	EndGlobalSection
	GlobalSection(ExtensibilityGlobals) = postSolution
		SolutionGuid = {6096CC91-7D1E-40C8-A411-5F5E7F3D5F7E}
	EndGlobalSection
EndGlobal
